lockfileVersion: '9.0'

settings:
  autoInstallPeers: true
  excludeLinksFromLockfile: false

importers:

  .:
    dependencies:
      '@tailwindcss/postcss':
        specifier: ^4.0.1
        version: 4.0.1
      '@webav/av-cliper':
        specifier: ^1.0.14
        version: 1.0.14
      lodash-es:
        specifier: ^4.17.21
        version: 4.17.21
      lucide-react:
        specifier: ^0.474.0
        version: 0.474.0(react@19.0.0)
      opfs-tools:
        specifier: ^0.7.0
        version: 0.7.0
      postcss:
        specifier: ^8.5.1
        version: 8.5.1
      postcss-loader:
        specifier: ^8.1.1
        version: 8.1.1(@rspack/core@1.2.2(@swc/helpers@0.5.15))(postcss@8.5.1)(typescript@5.7.3)
      react:
        specifier: ^19.0.0
        version: 19.0.0
      react-dom:
        specifier: ^19.0.0
        version: 19.0.0(react@19.0.0)
      tailwindcss:
        specifier: ^4.0.1
        version: 4.0.1
      zustand:
        specifier: ^5.0.3
        version: 5.0.3(@types/react@19.0.8)(react@19.0.0)
    devDependencies:
      '@rsbuild/core':
        specifier: ^1.1.8
        version: 1.2.3
      '@rsbuild/plugin-react':
        specifier: ^1.0.7
        version: 1.1.0(@rsbuild/core@1.2.3)
      '@types/lodash-es':
        specifier: ^4.17.12
        version: 4.17.12
      '@types/react':
        specifier: ^19.0.0
        version: 19.0.8
      '@types/react-dom':
        specifier: ^19.0.0
        version: 19.0.3(@types/react@19.0.8)
      typescript:
        specifier: ^5.7.2
        version: 5.7.3

packages:

  '@alloc/quick-lru@5.2.0':
    resolution: {integrity: sha512-UrcABB+4bUrFABwbluTIBErXwvbsU/V7TZWfmbgJfbkwiBuziS9gxdODUyuiecfdGQ85jglMW6juS3+z5TsKLw==}
    engines: {node: '>=10'}

  '@babel/code-frame@7.26.2':
    resolution: {integrity: sha512-RJlIHRueQgwWitWgF8OdFYGZX328Ax5BCemNGlqHfplnRT9ESi8JkFlvaVYbS+UubVY6dpv87Fs2u5M29iNFVQ==}
    engines: {node: '>=6.9.0'}

  '@babel/helper-validator-identifier@7.25.9':
    resolution: {integrity: sha512-Ed61U6XJc3CVRfkERJWDz4dJwKe7iLmmJsbOGu9wSloNSFttHV0I8g6UAgb7qnK5ly5bGLPd4oXZlxCdANBOWQ==}
    engines: {node: '>=6.9.0'}

  '@module-federation/error-codes@0.8.4':
    resolution: {integrity: sha512-55LYmrDdKb4jt+qr8qE8U3al62ZANp3FhfVaNPOaAmdTh0jHdD8M3yf5HKFlr5xVkVO4eV/F/J2NCfpbh+pEXQ==}

  '@module-federation/runtime-tools@0.8.4':
    resolution: {integrity: sha512-fjVOsItJ1u5YY6E9FnS56UDwZgqEQUrWFnouRiPtK123LUuqUI9FH4redZoKWlE1PB0ir1Z3tnqy8eFYzPO38Q==}

  '@module-federation/runtime@0.8.4':
    resolution: {integrity: sha512-yZeZ7z2Rx4gv/0E97oLTF3V6N25vglmwXGgoeju/W2YjsFvWzVtCDI7zRRb0mJhU6+jmSM8jP1DeQGbea/AiZQ==}

  '@module-federation/sdk@0.8.4':
    resolution: {integrity: sha512-waABomIjg/5m1rPDBWYG4KUhS5r7OUUY7S+avpaVIY/tkPWB3ibRDKy2dNLLAMaLKq0u+B1qIdEp4NIWkqhqpg==}

  '@module-federation/webpack-bundler-runtime@0.8.4':
    resolution: {integrity: sha512-HggROJhvHPUX7uqBD/XlajGygMNM1DG0+4OAkk8MBQe4a18QzrRNzZt6XQbRTSG4OaEoyRWhQHvYD3Yps405tQ==}

  '@rsbuild/core@1.2.3':
    resolution: {integrity: sha512-lUCt8gQe9E2PI3srcEJ1Na3GQYmsYuvAqK0f/k00HM0pEjrbOFC9Xq2kR85UoXHFqlTCIw/fLLDe91PKRCbKAw==}
    engines: {node: '>=16.7.0'}
    hasBin: true

  '@rsbuild/plugin-react@1.1.0':
    resolution: {integrity: sha512-uqdRoV2V91G1XIA14dAmxqYTlTDVf0ktpE7TgwG29oQ2j+DerF1kh29WPHK9HvGE34JTfaBrsme2Zmb6bGD0cw==}
    peerDependencies:
      '@rsbuild/core': 1.x

  '@rspack/binding-darwin-arm64@1.2.2':
    resolution: {integrity: sha512-h23F8zEkXWhwMeScm0ZnN78Zh7hCDalxIWsm7bBS0eKadnlegUDwwCF8WE+8NjWr7bRzv0p3QBWlS5ufkcL4eA==}
    cpu: [arm64]
    os: [darwin]

  '@rspack/binding-darwin-x64@1.2.2':
    resolution: {integrity: sha512-vG5s7FkEvwrGLfksyDRHwKAHUkhZt1zHZZXJQn4gZKjTBonje8ezdc7IFlDiWpC4S+oBYp73nDWkUzkGRbSdcQ==}
    cpu: [x64]
    os: [darwin]

  '@rspack/binding-linux-arm64-gnu@1.2.2':
    resolution: {integrity: sha512-VykY/kiYOzO8E1nYzfJ9+gQEHxb5B6lt5wa8M6xFi5B6jEGU+OsaGskmAZB9/GFImeFDHxDPvhUalI4R9p8O2Q==}
    cpu: [arm64]
    os: [linux]

  '@rspack/binding-linux-arm64-musl@1.2.2':
    resolution: {integrity: sha512-Z5vAC4wGfXi8XXZ6hs8Q06TYjr3zHf819HB4DI5i4C1eQTeKdZSyoFD0NHFG23bP4NWJffp8KhmoObcy9jBT5Q==}
    cpu: [arm64]
    os: [linux]

  '@rspack/binding-linux-x64-gnu@1.2.2':
    resolution: {integrity: sha512-o3pDaL+cH5EeRbDE9gZcdZpBgp5iXvYZBBhe8vZQllYgI4zN5MJEuleV7WplG3UwTXlgZg3Kht4RORSOPn96vg==}
    cpu: [x64]
    os: [linux]

  '@rspack/binding-linux-x64-musl@1.2.2':
    resolution: {integrity: sha512-RE3e0xe4DdchHssttKzryDwjLkbrNk/4H59TkkWeGYJcLw41tmcOZVFQUOwKLUvXWVyif/vjvV/w1SMlqB4wQg==}
    cpu: [x64]
    os: [linux]

  '@rspack/binding-win32-arm64-msvc@1.2.2':
    resolution: {integrity: sha512-R+PKBYn6uzTaDdVqTHvjqiJPBr5ZHg1wg5UmFDLNH9OklzVFyQh1JInSdJRb7lzfzTRz6bEkkwUFBPQK/CGScw==}
    cpu: [arm64]
    os: [win32]

  '@rspack/binding-win32-ia32-msvc@1.2.2':
    resolution: {integrity: sha512-dBqz3sRAGZ2f31FgzKLDvIRfq2haRP3X3XVCT0PsiMcvt7QJng+26aYYMy2THatd/nM8IwExYeitHWeiMBoruw==}
    cpu: [ia32]
    os: [win32]

  '@rspack/binding-win32-x64-msvc@1.2.2':
    resolution: {integrity: sha512-eeAvaN831KG553cMSHkVldyk6YQn4ujgRHov6r1wtREq7CD3/ka9LMkJUepCN85K7XtwYT0N4KpFIQyf5GTGoA==}
    cpu: [x64]
    os: [win32]

  '@rspack/binding@1.2.2':
    resolution: {integrity: sha512-GCZwpGFYlLTdJ2soPLwjw9z4LSZ+GdpbHNfBt3Cm/f/bAF8n6mZc7dHUqN893RFh7MPU17HNEL3fMw7XR+6pHg==}

  '@rspack/core@1.2.2':
    resolution: {integrity: sha512-EeHAmY65Uj62hSbUKesbrcWGE7jfUI887RD03G++Gj8jS4WPHEu1TFODXNOXg6pa7zyIvs2BK0Bm16Kwz8AEaQ==}
    engines: {node: '>=16.0.0'}
    peerDependencies:
      '@rspack/tracing': ^1.x
      '@swc/helpers': '>=0.5.1'
    peerDependenciesMeta:
      '@rspack/tracing':
        optional: true
      '@swc/helpers':
        optional: true

  '@rspack/lite-tapable@1.0.1':
    resolution: {integrity: sha512-VynGOEsVw2s8TAlLf/uESfrgfrq2+rcXB1muPJYBWbsm1Oa6r5qVQhjA5ggM6z/coYPrsVMgovl3Ff7Q7OCp1w==}
    engines: {node: '>=16.0.0'}

  '@rspack/plugin-react-refresh@1.0.1':
    resolution: {integrity: sha512-KSBc3bsr3mrAPViv7w9MpE9KEWm6q87EyRXyHlRfJ9PpQ56NbX9KZ7AXo7jPeECb0q5sfpM2PSEf+syBiMgLSw==}
    peerDependencies:
      react-refresh: '>=0.10.0 <1.0.0'
    peerDependenciesMeta:
      react-refresh:
        optional: true

  '@swc/helpers@0.5.15':
    resolution: {integrity: sha512-JQ5TuMi45Owi4/BIMAJBoSQoOJu12oOk/gADqlcUL9JEdHB8vyjUSsxqeNXnmXHjYKMi2WcYtezGEEhqUI/E2g==}

  '@tailwindcss/node@4.0.1':
    resolution: {integrity: sha512-lc+ly6PKHqgCVl7eO8D2JlV96Lks5bmL6pdtM6UasyUHLU2zmrOqU6jfgln120IVnCh3VC8GG/ca24xVTtSokw==}

  '@tailwindcss/oxide-android-arm64@4.0.1':
    resolution: {integrity: sha512-eP/rI9WaAElpeiiHDqGtDqga9iDsOClXxIqdHayHsw93F24F03b60CwgGhrGF9Io/EuWIpz3TMRhPVOLhoXivw==}
    engines: {node: '>= 10'}
    cpu: [arm64]
    os: [android]

  '@tailwindcss/oxide-darwin-arm64@4.0.1':
    resolution: {integrity: sha512-jZVUo0kNd1IjxdCYwg4dwegDNsq7PoUx4LM814RmgY3gfJ63Y6GlpJXHOpd5FLv1igpeZox5LzRk2oz8MQoJwQ==}
    engines: {node: '>= 10'}
    cpu: [arm64]
    os: [darwin]

  '@tailwindcss/oxide-darwin-x64@4.0.1':
    resolution: {integrity: sha512-E31wHiIf4LB0aKRohrS4U6XfFSACCL9ifUFfPQ16FhcBIL4wU5rcBidvWvT9TQFGPkpE69n5dyXUcqiMrnF/Ig==}
    engines: {node: '>= 10'}
    cpu: [x64]
    os: [darwin]

  '@tailwindcss/oxide-freebsd-x64@4.0.1':
    resolution: {integrity: sha512-8/3ZKLMYqgAsBzTeczOKWtT4geF02g9S7cntY5gvqQZ4E0ImX724cHcZJi9k6fkE6aLbvwxxHxaShFvRxblwKQ==}
    engines: {node: '>= 10'}
    cpu: [x64]
    os: [freebsd]

  '@tailwindcss/oxide-linux-arm-gnueabihf@4.0.1':
    resolution: {integrity: sha512-EYjbh225klQfWzy6LeIAfdjHCK+p71yLV/GjdPNW47Bfkkq05fTzIhHhCgshUvNp78EIA33iQU+ktWpW06NgHw==}
    engines: {node: '>= 10'}
    cpu: [arm]
    os: [linux]

  '@tailwindcss/oxide-linux-arm64-gnu@4.0.1':
    resolution: {integrity: sha512-PrX2SwIqWNP5cYeSyQfrhbk4ffOM338T6CrEwIAGvLPoUZiklt19yknlsBme6bReSw7TSAMy+8KFdLLi5fcWNQ==}
    engines: {node: '>= 10'}
    cpu: [arm64]
    os: [linux]

  '@tailwindcss/oxide-linux-arm64-musl@4.0.1':
    resolution: {integrity: sha512-iuoFGhKDojtfloi5uj6MIk4kxEOGcsAk/kPbZItF9Dp7TnzVhxo2U/718tXhxGrg6jSL3ST3cQHIjA6yw3OeXw==}
    engines: {node: '>= 10'}
    cpu: [arm64]
    os: [linux]

  '@tailwindcss/oxide-linux-x64-gnu@4.0.1':
    resolution: {integrity: sha512-pNUrGQYyE8RK+N9yvkPmHnlKDfFbni9A3lsi37u4RoA/6Yn+zWVoegvAQMZu3w+jqnpb2A/bYJ+LumcclUZ3yg==}
    engines: {node: '>= 10'}
    cpu: [x64]
    os: [linux]

  '@tailwindcss/oxide-linux-x64-musl@4.0.1':
    resolution: {integrity: sha512-xSGWaDcT6SJ75su9zWXj8GYb2jM/przXwZGH96RTS7HGDIoI1tvgpls88YajG5Sx7hXaqAWCufjw5L/dlu+lzg==}
    engines: {node: '>= 10'}
    cpu: [x64]
    os: [linux]

  '@tailwindcss/oxide-win32-arm64-msvc@4.0.1':
    resolution: {integrity: sha512-BUNL2isUZ2yWnbplPddggJpZxsqGHPZ1RJAYpu63W4znUnKCzI4m/jiy0WpyYqqOKL9jDM5q0QdsQ9mc3aw5YQ==}
    engines: {node: '>= 10'}
    cpu: [arm64]
    os: [win32]

  '@tailwindcss/oxide-win32-x64-msvc@4.0.1':
    resolution: {integrity: sha512-ZtcVu+XXOddGsPlvO5nh2fnbKmwly2C07ZB1lcYCf/b8qIWF04QY9o6vy6/+6ioLRfbp3E7H/ipFio38DZX4oQ==}
    engines: {node: '>= 10'}
    cpu: [x64]
    os: [win32]

  '@tailwindcss/oxide@4.0.1':
    resolution: {integrity: sha512-3z1SpWoDeaA6K6jd92CRrGyDghOcRILEgyWVHRhaUm/tcpiazwJpU9BSG0xB7GGGnl9capojaC+zme/nKsZd/w==}
    engines: {node: '>= 10'}

  '@tailwindcss/postcss@4.0.1':
    resolution: {integrity: sha512-fZHL49vCDauQymdm2U1jehuUeX8msYVDKB/2v+jWhTQleH3QE8J1dJ2dnL5tqRvB0udjBP4kwUC1ZIVIdv66YA==}

  '@types/lodash-es@4.17.12':
    resolution: {integrity: sha512-0NgftHUcV4v34VhXm8QBSftKVXtbkBG3ViCjs6+eJ5a6y6Mi/jiFGPc1sC7QK+9BFhWrURE3EOggmWaSxL9OzQ==}

  '@types/lodash@4.17.15':
    resolution: {integrity: sha512-w/P33JFeySuhN6JLkysYUK2gEmy9kHHFN7E8ro0tkfmlDOgxBDzWEZ/J8cWA+fHqFevpswDTFZnDx+R9lbL6xw==}

  '@types/react-dom@19.0.3':
    resolution: {integrity: sha512-0Knk+HJiMP/qOZgMyNFamlIjw9OFCsyC2ZbigmEEyXXixgre6IQpm/4V+r3qH4GC1JPvRJKInw+on2rV6YZLeA==}
    peerDependencies:
      '@types/react': ^19.0.0

  '@types/react@19.0.8':
    resolution: {integrity: sha512-9P/o1IGdfmQxrujGbIMDyYaaCykhLKc0NGCtYcECNUr9UAaDe4gwvV9bR6tvd5Br1SG0j+PBpbKr2UYY8CwqSw==}

  '@webav/av-cliper@1.0.14':
    resolution: {integrity: sha512-VYi140lVz7T666eSbnocHKt/k4dMy5zoBVI/mV/Np7iwuekmrFDG4f5W1Z/0DRZmOsFWRrLgCcYffQdwM7UbhA==}

  '@webav/internal-utils@1.0.14':
    resolution: {integrity: sha512-y4CmVdw2avSp1o41GuuFgAdJWWwxctW+I9VUm721wGelLzh308wCebESxJdo/NXO3lERMIAv1GRLZglp8pE9MQ==}

  '@webav/mp4box.js@0.5.6':
    resolution: {integrity: sha512-DpZQlr624oyLwnmJjNIWggk4d2dfKsAwQdNMVf0akjx0BtXL45Fmd49tm0ekn9d9dB3zBIxxsgco5IcJQGpt4Q==}

  argparse@2.0.1:
    resolution: {integrity: sha512-8+9WqebbFzpX9OR+Wa6O29asIogeRMzcGtAINdpMHHyAg10f05aSFVBbcEqGf/PXw1EjAZ+q2/bEBg3DvurK3Q==}

  callsites@3.1.0:
    resolution: {integrity: sha512-P8BjAsXvZS+VIDUI11hHCQEv74YT67YUi5JJFNWIqL235sBmjX4+qx9Muvls5ivyNENctx46xQLQ3aTuE7ssaQ==}
    engines: {node: '>=6'}

  caniuse-lite@1.0.30001695:
    resolution: {integrity: sha512-vHyLade6wTgI2u1ec3WQBxv+2BrTERV28UXQu9LO6lZ9pYeMk34vjXFLOxo1A4UBA8XTL4njRQZdno/yYaSmWw==}

  core-js@3.40.0:
    resolution: {integrity: sha512-7vsMc/Lty6AGnn7uFpYT56QesI5D2Y/UkgKounk87OP9Z2H9Z8kj6jzcSGAxFmUtDOS0ntK6lbQz+Nsa0Jj6mQ==}

  cosmiconfig@9.0.0:
    resolution: {integrity: sha512-itvL5h8RETACmOTFc4UfIyB2RfEHi71Ax6E/PivVxq9NseKbOWpeyHEOIbmAw1rs8Ak0VursQNww7lf7YtUwzg==}
    engines: {node: '>=14'}
    peerDependencies:
      typescript: '>=4.9.5'
    peerDependenciesMeta:
      typescript:
        optional: true

  csstype@3.1.3:
    resolution: {integrity: sha512-M1uQkMl8rQK/szD0LNhtqxIPLpimGm8sOBwU7lLnCpSbTyY3yeU1Vc7l4KT5zT4s/yOxHH5O7tIuuLOCnLADRw==}

  detect-libc@1.0.3:
    resolution: {integrity: sha512-pGjwhsmsp4kL2RTz08wcOlGN83otlqHeD/Z5T8GXZB+/YcpQ/dgo+lbU8ZsGxV0HIvqqxo9l7mqYwyYMD9bKDg==}
    engines: {node: '>=0.10'}
    hasBin: true

  enhanced-resolve@5.18.0:
    resolution: {integrity: sha512-0/r0MySGYG8YqlayBZ6MuCfECmHFdJ5qyPh8s8wa5Hnm6SaFLSK1VYCbj+NKp090Nm1caZhD+QTnmxO7esYGyQ==}
    engines: {node: '>=10.13.0'}

  env-paths@2.2.1:
    resolution: {integrity: sha512-+h1lkLKhZMTYjog1VEpJNG7NZJWcuc2DDk/qsqSTRRCOXiLjeQ1d1/udrUGhqMxUgAlwKNZ0cf2uqan5GLuS2A==}
    engines: {node: '>=6'}

  error-ex@1.3.2:
    resolution: {integrity: sha512-7dFHNmqeFSEt2ZBsCriorKnn3Z2pj+fd9kmI6QoWw4//DL+icEBfc0U7qJCisqrTsKTjw4fNFy2pW9OqStD84g==}

  error-stack-parser@2.1.4:
    resolution: {integrity: sha512-Sk5V6wVazPhq5MhpO+AUxJn5x7XSXGl1R93Vn7i+zS15KDVxQijejNCrz8340/2bgLBjR9GtEG8ZVKONDjcqGQ==}

  graceful-fs@4.2.11:
    resolution: {integrity: sha512-RbJ5/jmFcNNCcDV5o9eTnBLJ/HszWV0P73bc+Ff4nS/rJj+YaS6IGyiOL0VoBYX+l1Wrl3k63h/KrH+nhJ0XvQ==}

  html-entities@2.5.2:
    resolution: {integrity: sha512-K//PSRMQk4FZ78Kyau+mZurHn3FH0Vwr+H36eE0rPbeYkRRi9YxceYPhuN60UwWorxyKHhqoAJl2OFKa4BVtaA==}

  import-fresh@3.3.0:
    resolution: {integrity: sha512-veYYhQa+D1QBKznvhUHxb8faxlrwUnxseDAbAp457E0wLNio2bOSKnjYDhMj+YiAq61xrMGhQk9iXVk5FzgQMw==}
    engines: {node: '>=6'}

  is-arrayish@0.2.1:
    resolution: {integrity: sha512-zz06S8t0ozoDXMG+ube26zeCTNXcKIPJZJi8hBrF4idCLms4CG9QtK7qBl1boi5ODzFpjswb5JPmHCbMpjaYzg==}

  isomorphic-rslog@0.0.6:
    resolution: {integrity: sha512-HM0q6XqQ93psDlqvuViNs/Ea3hAyGDkIdVAHlrEocjjAwGrs1fZ+EdQjS9eUPacnYB7Y8SoDdSY3H8p3ce205A==}
    engines: {node: '>=14.17.6'}

  jiti@1.21.7:
    resolution: {integrity: sha512-/imKNG4EbWNrVjoNC/1H5/9GFy+tqjGBHCaSsN+P2RnPqjsLmv6UD3Ej+Kj8nBWaRAwyk7kK5ZUc+OEatnTR3A==}
    hasBin: true

  jiti@2.4.2:
    resolution: {integrity: sha512-rg9zJN+G4n2nfJl5MW3BMygZX56zKPNVEYYqq7adpmMh4Jn2QNEwhvQlFy6jPVdcod7txZtKHWnyZiA3a0zP7A==}
    hasBin: true

  js-tokens@4.0.0:
    resolution: {integrity: sha512-RdJUflcE3cUzKiMqQgsCu06FPu9UdIJO0beYbPhHN4k6apgJtifcoCtT9bcxOpYBtpD2kCM6Sbzg4CausW/PKQ==}

  js-yaml@4.1.0:
    resolution: {integrity: sha512-wpxZs9NoxZaJESJGIZTyDEaYpl0FKSA+FB9aJiyemKhMwkxQg63h4T1KJgUGHpTqPDNRcmmYLugrRjJlBtWvRA==}
    hasBin: true

  json-parse-even-better-errors@2.3.1:
    resolution: {integrity: sha512-xyFwyhro/JEof6Ghe2iz2NcXoj2sloNsWr/XsERDK/oiPCfaNhl5ONfp+jQdAZRQQ0IJWNzH9zIZF7li91kh2w==}

  lightningcss-darwin-arm64@1.29.1:
    resolution: {integrity: sha512-HtR5XJ5A0lvCqYAoSv2QdZZyoHNttBpa5EP9aNuzBQeKGfbyH5+UipLWvVzpP4Uml5ej4BYs5I9Lco9u1fECqw==}
    engines: {node: '>= 12.0.0'}
    cpu: [arm64]
    os: [darwin]

  lightningcss-darwin-x64@1.29.1:
    resolution: {integrity: sha512-k33G9IzKUpHy/J/3+9MCO4e+PzaFblsgBjSGlpAaFikeBFm8B/CkO3cKU9oI4g+fjS2KlkLM/Bza9K/aw8wsNA==}
    engines: {node: '>= 12.0.0'}
    cpu: [x64]
    os: [darwin]

  lightningcss-freebsd-x64@1.29.1:
    resolution: {integrity: sha512-0SUW22fv/8kln2LnIdOCmSuXnxgxVC276W5KLTwoehiO0hxkacBxjHOL5EtHD8BAXg2BvuhsJPmVMasvby3LiQ==}
    engines: {node: '>= 12.0.0'}
    cpu: [x64]
    os: [freebsd]

  lightningcss-linux-arm-gnueabihf@1.29.1:
    resolution: {integrity: sha512-sD32pFvlR0kDlqsOZmYqH/68SqUMPNj+0pucGxToXZi4XZgZmqeX/NkxNKCPsswAXU3UeYgDSpGhu05eAufjDg==}
    engines: {node: '>= 12.0.0'}
    cpu: [arm]
    os: [linux]

  lightningcss-linux-arm64-gnu@1.29.1:
    resolution: {integrity: sha512-0+vClRIZ6mmJl/dxGuRsE197o1HDEeeRk6nzycSy2GofC2JsY4ifCRnvUWf/CUBQmlrvMzt6SMQNMSEu22csWQ==}
    engines: {node: '>= 12.0.0'}
    cpu: [arm64]
    os: [linux]

  lightningcss-linux-arm64-musl@1.29.1:
    resolution: {integrity: sha512-UKMFrG4rL/uHNgelBsDwJcBqVpzNJbzsKkbI3Ja5fg00sgQnHw/VrzUTEc4jhZ+AN2BvQYz/tkHu4vt1kLuJyw==}
    engines: {node: '>= 12.0.0'}
    cpu: [arm64]
    os: [linux]

  lightningcss-linux-x64-gnu@1.29.1:
    resolution: {integrity: sha512-u1S+xdODy/eEtjADqirA774y3jLcm8RPtYztwReEXoZKdzgsHYPl0s5V52Tst+GKzqjebkULT86XMSxejzfISw==}
    engines: {node: '>= 12.0.0'}
    cpu: [x64]
    os: [linux]

  lightningcss-linux-x64-musl@1.29.1:
    resolution: {integrity: sha512-L0Tx0DtaNUTzXv0lbGCLB/c/qEADanHbu4QdcNOXLIe1i8i22rZRpbT3gpWYsCh9aSL9zFujY/WmEXIatWvXbw==}
    engines: {node: '>= 12.0.0'}
    cpu: [x64]
    os: [linux]

  lightningcss-win32-arm64-msvc@1.29.1:
    resolution: {integrity: sha512-QoOVnkIEFfbW4xPi+dpdft/zAKmgLgsRHfJalEPYuJDOWf7cLQzYg0DEh8/sn737FaeMJxHZRc1oBreiwZCjog==}
    engines: {node: '>= 12.0.0'}
    cpu: [arm64]
    os: [win32]

  lightningcss-win32-x64-msvc@1.29.1:
    resolution: {integrity: sha512-NygcbThNBe4JElP+olyTI/doBNGJvLs3bFCRPdvuCcxZCcCZ71B858IHpdm7L1btZex0FvCmM17FK98Y9MRy1Q==}
    engines: {node: '>= 12.0.0'}
    cpu: [x64]
    os: [win32]

  lightningcss@1.29.1:
    resolution: {integrity: sha512-FmGoeD4S05ewj+AkhTY+D+myDvXI6eL27FjHIjoyUkO/uw7WZD1fBVs0QxeYWa7E17CUHJaYX/RUGISCtcrG4Q==}
    engines: {node: '>= 12.0.0'}

  lines-and-columns@1.2.4:
    resolution: {integrity: sha512-7ylylesZQ/PV29jhEDl3Ufjo6ZX7gCqJr5F7PKrqc93v7fzSymt1BpwEU8nAUXs8qzzvqhbjhK5QZg6Mt/HkBg==}

  lodash-es@4.17.21:
    resolution: {integrity: sha512-mKnC+QJ9pWVzv+C4/U3rRsHapFfHvQFoFB92e52xeyGMcX6/OlIl78je1u8vePzYZSkkogMPJ2yjxxsb89cxyw==}

  lucide-react@0.474.0:
    resolution: {integrity: sha512-CmghgHkh0OJNmxGKWc0qfPJCYHASPMVSyGY8fj3xgk4v84ItqDg64JNKFZn5hC6E0vHi6gxnbCgwhyVB09wQtA==}
    peerDependencies:
      react: ^16.5.1 || ^17.0.0 || ^18.0.0 || ^19.0.0

  nanoid@3.3.8:
    resolution: {integrity: sha512-WNLf5Sd8oZxOm+TzppcYk8gVOgP+l58xNy58D0nbUnOxOWRWvlcCV4kUF7ltmI6PsrLl/BgKEyS4mqsGChFN0w==}
    engines: {node: ^10 || ^12 || ^13.7 || ^14 || >=15.0.1}
    hasBin: true

  opfs-tools@0.6.2:
    resolution: {integrity: sha512-C2+ElLE6WL9jBqhNPM5vN8QW88adNrFo13lMqyqelUQGSdH1R5MSNa8n6CnqmYWoOyGUqkmCZ5jxNl0n+/xHLg==}

  opfs-tools@0.7.0:
    resolution: {integrity: sha512-h2VN0j/eB2f+NITJf7xjRrvlgx2nkD3npP6+1CimWuQhOVTn5FeWEPwfiVLXMxtsK13+lsOhgk8neTUWrKsglw==}

  parent-module@1.0.1:
    resolution: {integrity: sha512-GQ2EWRpQV8/o+Aw8YqtfZZPfNRWZYkbidE9k5rpl/hC3vtHHBfGm2Ifi6qWV+coDGkrUKZAxE3Lot5kcsRlh+g==}
    engines: {node: '>=6'}

  parse-json@5.2.0:
    resolution: {integrity: sha512-ayCKvm/phCGxOkYRSCM82iDwct8/EonSEgCSxWxD7ve6jHggsFl4fZVQBPRNgQoKiuV/odhFrGzQXZwbifC8Rg==}
    engines: {node: '>=8'}

  picocolors@1.1.1:
    resolution: {integrity: sha512-xceH2snhtb5M9liqDsmEw56le376mTZkEX/jEb/RxNFyegNul7eNslCXP9FDj/Lcu0X8KEyMceP2ntpaHrDEVA==}

  postcss-loader@8.1.1:
    resolution: {integrity: sha512-0IeqyAsG6tYiDRCYKQJLAmgQr47DX6N7sFSWvQxt6AcupX8DIdmykuk/o/tx0Lze3ErGHJEp5OSRxrelC6+NdQ==}
    engines: {node: '>= 18.12.0'}
    peerDependencies:
      '@rspack/core': 0.x || 1.x
      postcss: ^7.0.0 || ^8.0.1
      webpack: ^5.0.0
    peerDependenciesMeta:
      '@rspack/core':
        optional: true
      webpack:
        optional: true

  postcss@8.5.1:
    resolution: {integrity: sha512-6oz2beyjc5VMn/KV1pPw8fliQkhBXrVn1Z3TVyqZxU8kZpzEKhBdmCFqI6ZbmGtamQvQGuU1sgPTk8ZrXDD7jQ==}
    engines: {node: ^10 || ^12 || >=14}

  react-dom@19.0.0:
    resolution: {integrity: sha512-4GV5sHFG0e/0AD4X+ySy6UJd3jVl1iNsNHdpad0qhABJ11twS3TTBnseqsKurKcsNqCEFeGL3uLpVChpIO3QfQ==}
    peerDependencies:
      react: ^19.0.0

  react-refresh@0.16.0:
    resolution: {integrity: sha512-FPvF2XxTSikpJxcr+bHut2H4gJ17+18Uy20D5/F+SKzFap62R3cM5wH6b8WN3LyGSYeQilLEcJcR1fjBSI2S1A==}
    engines: {node: '>=0.10.0'}

  react@19.0.0:
    resolution: {integrity: sha512-V8AVnmPIICiWpGfm6GLzCR/W5FXLchHop40W4nXBmdlEceh16rCN8O8LNWm5bh5XUX91fh7KpA+W0TgMKmgTpQ==}
    engines: {node: '>=0.10.0'}

  resolve-from@4.0.0:
    resolution: {integrity: sha512-pb/MYmXstAkysRFx8piNI1tGFNQIFA3vkE3Gq4EuA1dF6gHp/+vgZqsCGJapvy8N3Q+4o7FwvquPJcnZ7RYy4g==}
    engines: {node: '>=4'}

  scheduler@0.25.0:
    resolution: {integrity: sha512-xFVuu11jh+xcO7JOAGJNOXld8/TcEHK/4CituBUeUb5hqxJLj9YuemAEuvm9gQ/+pgXYfbQuqAkiYu+u7YEsNA==}

  semver@7.7.0:
    resolution: {integrity: sha512-DrfFnPzblFmNrIZzg5RzHegbiRWg7KMR7btwi2yjHwx06zsUbO5g613sVwEV7FTwmzJu+Io0lJe2GJ3LxqpvBQ==}
    engines: {node: '>=10'}
    hasBin: true

  source-map-js@1.2.1:
    resolution: {integrity: sha512-UXWMKhLOwVKb728IUtQPXxfYU+usdybtUrK/8uGE8CQMvrhOpwvzDBwj0QhSL7MQc7vIsISBG8VQ8+IDQxpfQA==}
    engines: {node: '>=0.10.0'}

  stackframe@1.3.4:
    resolution: {integrity: sha512-oeVtt7eWQS+Na6F//S4kJ2K2VbRlS9D43mAlMyVpVWovy9o+jfgH8O9agzANzaiLjclA0oYzUXEM4PurhSUChw==}

  tailwindcss@4.0.1:
    resolution: {integrity: sha512-UK5Biiit/e+r3i0O223bisoS5+y7ZT1PM8Ojn0MxRHzXN1VPZ2KY6Lo6fhu1dOfCfyUAlK7Lt6wSxowRabATBw==}

  tapable@2.2.1:
    resolution: {integrity: sha512-GNzQvQTOIP6RyTfE2Qxb8ZVlNmw0n88vp1szwWRimP02mnTsx3Wtn5qRdqY9w2XduFNUgvOwhNnQsjwCp+kqaQ==}
    engines: {node: '>=6'}

  tslib@2.8.1:
    resolution: {integrity: sha512-oJFu94HQb+KVduSUQL7wnpmqnfmLsOA/nAh6b6EH0wCEoK0/mPeXU6c3wKDV83MkOuHPRHtSXKKU99IBazS/2w==}

  typescript@5.7.3:
    resolution: {integrity: sha512-84MVSjMEHP+FQRPy3pX9sTVV/INIex71s9TL2Gm5FG/WG1SqXeKyZ0k7/blY/4FdOzI12CBy1vGc4og/eus0fw==}
    engines: {node: '>=14.17'}
    hasBin: true

  wave-resampler@1.0.0:
    resolution: {integrity: sha512-bE3rbpZXuKAV52Cd8/BeJvy82ZqEHK8pPWHrZ9JioaVVTBlmWbDC+u4p9blhFcf0Skepb4hlOAHc25XfqLC48g==}
    engines: {node: '>=8'}

  zustand@5.0.3:
    resolution: {integrity: sha512-14fwWQtU3pH4dE0dOpdMiWjddcH+QzKIgk1cl8epwSE7yag43k/AD/m4L6+K7DytAOr9gGBe3/EXj9g7cdostg==}
    engines: {node: '>=12.20.0'}
    peerDependencies:
      '@types/react': '>=18.0.0'
      immer: '>=9.0.6'
      react: '>=18.0.0'
      use-sync-external-store: '>=1.2.0'
    peerDependenciesMeta:
      '@types/react':
        optional: true
      immer:
        optional: true
      react:
        optional: true
      use-sync-external-store:
        optional: true

snapshots:

  '@alloc/quick-lru@5.2.0': {}

  '@babel/code-frame@7.26.2':
    dependencies:
      '@babel/helper-validator-identifier': 7.25.9
      js-tokens: 4.0.0
      picocolors: 1.1.1

  '@babel/helper-validator-identifier@7.25.9': {}

  '@module-federation/error-codes@0.8.4': {}

  '@module-federation/runtime-tools@0.8.4':
    dependencies:
      '@module-federation/runtime': 0.8.4
      '@module-federation/webpack-bundler-runtime': 0.8.4

  '@module-federation/runtime@0.8.4':
    dependencies:
      '@module-federation/error-codes': 0.8.4
      '@module-federation/sdk': 0.8.4

  '@module-federation/sdk@0.8.4':
    dependencies:
      isomorphic-rslog: 0.0.6

  '@module-federation/webpack-bundler-runtime@0.8.4':
    dependencies:
      '@module-federation/runtime': 0.8.4
      '@module-federation/sdk': 0.8.4

  '@rsbuild/core@1.2.3':
    dependencies:
      '@rspack/core': 1.2.2(@swc/helpers@0.5.15)
      '@rspack/lite-tapable': 1.0.1
      '@swc/helpers': 0.5.15
      core-js: 3.40.0
    transitivePeerDependencies:
      - '@rspack/tracing'

  '@rsbuild/plugin-react@1.1.0(@rsbuild/core@1.2.3)':
    dependencies:
      '@rsbuild/core': 1.2.3
      '@rspack/plugin-react-refresh': 1.0.1(react-refresh@0.16.0)
      react-refresh: 0.16.0

  '@rspack/binding-darwin-arm64@1.2.2':
    optional: true

  '@rspack/binding-darwin-x64@1.2.2':
    optional: true

  '@rspack/binding-linux-arm64-gnu@1.2.2':
    optional: true

  '@rspack/binding-linux-arm64-musl@1.2.2':
    optional: true

  '@rspack/binding-linux-x64-gnu@1.2.2':
    optional: true

  '@rspack/binding-linux-x64-musl@1.2.2':
    optional: true

  '@rspack/binding-win32-arm64-msvc@1.2.2':
    optional: true

  '@rspack/binding-win32-ia32-msvc@1.2.2':
    optional: true

  '@rspack/binding-win32-x64-msvc@1.2.2':
    optional: true

  '@rspack/binding@1.2.2':
    optionalDependencies:
      '@rspack/binding-darwin-arm64': 1.2.2
      '@rspack/binding-darwin-x64': 1.2.2
      '@rspack/binding-linux-arm64-gnu': 1.2.2
      '@rspack/binding-linux-arm64-musl': 1.2.2
      '@rspack/binding-linux-x64-gnu': 1.2.2
      '@rspack/binding-linux-x64-musl': 1.2.2
      '@rspack/binding-win32-arm64-msvc': 1.2.2
      '@rspack/binding-win32-ia32-msvc': 1.2.2
      '@rspack/binding-win32-x64-msvc': 1.2.2

  '@rspack/core@1.2.2(@swc/helpers@0.5.15)':
    dependencies:
      '@module-federation/runtime-tools': 0.8.4
      '@rspack/binding': 1.2.2
      '@rspack/lite-tapable': 1.0.1
      caniuse-lite: 1.0.30001695
    optionalDependencies:
      '@swc/helpers': 0.5.15

  '@rspack/lite-tapable@1.0.1': {}

  '@rspack/plugin-react-refresh@1.0.1(react-refresh@0.16.0)':
    dependencies:
      error-stack-parser: 2.1.4
      html-entities: 2.5.2
    optionalDependencies:
      react-refresh: 0.16.0

  '@swc/helpers@0.5.15':
    dependencies:
      tslib: 2.8.1

  '@tailwindcss/node@4.0.1':
    dependencies:
      enhanced-resolve: 5.18.0
      jiti: 2.4.2
      tailwindcss: 4.0.1

  '@tailwindcss/oxide-android-arm64@4.0.1':
    optional: true

  '@tailwindcss/oxide-darwin-arm64@4.0.1':
    optional: true

  '@tailwindcss/oxide-darwin-x64@4.0.1':
    optional: true

  '@tailwindcss/oxide-freebsd-x64@4.0.1':
    optional: true

  '@tailwindcss/oxide-linux-arm-gnueabihf@4.0.1':
    optional: true

  '@tailwindcss/oxide-linux-arm64-gnu@4.0.1':
    optional: true

  '@tailwindcss/oxide-linux-arm64-musl@4.0.1':
    optional: true

  '@tailwindcss/oxide-linux-x64-gnu@4.0.1':
    optional: true

  '@tailwindcss/oxide-linux-x64-musl@4.0.1':
    optional: true

  '@tailwindcss/oxide-win32-arm64-msvc@4.0.1':
    optional: true

  '@tailwindcss/oxide-win32-x64-msvc@4.0.1':
    optional: true

  '@tailwindcss/oxide@4.0.1':
    optionalDependencies:
      '@tailwindcss/oxide-android-arm64': 4.0.1
      '@tailwindcss/oxide-darwin-arm64': 4.0.1
      '@tailwindcss/oxide-darwin-x64': 4.0.1
      '@tailwindcss/oxide-freebsd-x64': 4.0.1
      '@tailwindcss/oxide-linux-arm-gnueabihf': 4.0.1
      '@tailwindcss/oxide-linux-arm64-gnu': 4.0.1
      '@tailwindcss/oxide-linux-arm64-musl': 4.0.1
      '@tailwindcss/oxide-linux-x64-gnu': 4.0.1
      '@tailwindcss/oxide-linux-x64-musl': 4.0.1
      '@tailwindcss/oxide-win32-arm64-msvc': 4.0.1
      '@tailwindcss/oxide-win32-x64-msvc': 4.0.1

  '@tailwindcss/postcss@4.0.1':
    dependencies:
      '@alloc/quick-lru': 5.2.0
      '@tailwindcss/node': 4.0.1
      '@tailwindcss/oxide': 4.0.1
      lightningcss: 1.29.1
      postcss: 8.5.1
      tailwindcss: 4.0.1

  '@types/lodash-es@4.17.12':
    dependencies:
      '@types/lodash': 4.17.15

  '@types/lodash@4.17.15': {}

  '@types/react-dom@19.0.3(@types/react@19.0.8)':
    dependencies:
      '@types/react': 19.0.8

  '@types/react@19.0.8':
    dependencies:
      csstype: 3.1.3

  '@webav/av-cliper@1.0.14':
    dependencies:
      '@webav/internal-utils': 1.0.14
      '@webav/mp4box.js': 0.5.6
      opfs-tools: 0.6.2
      wave-resampler: 1.0.0

  '@webav/internal-utils@1.0.14':
    dependencies:
      '@webav/mp4box.js': 0.5.6

  '@webav/mp4box.js@0.5.6': {}

  argparse@2.0.1: {}

  callsites@3.1.0: {}

  caniuse-lite@1.0.30001695: {}

  core-js@3.40.0: {}

  cosmiconfig@9.0.0(typescript@5.7.3):
    dependencies:
      env-paths: 2.2.1
      import-fresh: 3.3.0
      js-yaml: 4.1.0
      parse-json: 5.2.0
    optionalDependencies:
      typescript: 5.7.3

  csstype@3.1.3: {}

  detect-libc@1.0.3: {}

  enhanced-resolve@5.18.0:
    dependencies:
      graceful-fs: 4.2.11
      tapable: 2.2.1

  env-paths@2.2.1: {}

  error-ex@1.3.2:
    dependencies:
      is-arrayish: 0.2.1

  error-stack-parser@2.1.4:
    dependencies:
      stackframe: 1.3.4

  graceful-fs@4.2.11: {}

  html-entities@2.5.2: {}

  import-fresh@3.3.0:
    dependencies:
      parent-module: 1.0.1
      resolve-from: 4.0.0

  is-arrayish@0.2.1: {}

  isomorphic-rslog@0.0.6: {}

  jiti@1.21.7: {}

  jiti@2.4.2: {}

  js-tokens@4.0.0: {}

  js-yaml@4.1.0:
    dependencies:
      argparse: 2.0.1

  json-parse-even-better-errors@2.3.1: {}

  lightningcss-darwin-arm64@1.29.1:
    optional: true

  lightningcss-darwin-x64@1.29.1:
    optional: true

  lightningcss-freebsd-x64@1.29.1:
    optional: true

  lightningcss-linux-arm-gnueabihf@1.29.1:
    optional: true

  lightningcss-linux-arm64-gnu@1.29.1:
    optional: true

  lightningcss-linux-arm64-musl@1.29.1:
    optional: true

  lightningcss-linux-x64-gnu@1.29.1:
    optional: true

  lightningcss-linux-x64-musl@1.29.1:
    optional: true

  lightningcss-win32-arm64-msvc@1.29.1:
    optional: true

  lightningcss-win32-x64-msvc@1.29.1:
    optional: true

  lightningcss@1.29.1:
    dependencies:
      detect-libc: 1.0.3
    optionalDependencies:
      lightningcss-darwin-arm64: 1.29.1
      lightningcss-darwin-x64: 1.29.1
      lightningcss-freebsd-x64: 1.29.1
      lightningcss-linux-arm-gnueabihf: 1.29.1
      lightningcss-linux-arm64-gnu: 1.29.1
      lightningcss-linux-arm64-musl: 1.29.1
      lightningcss-linux-x64-gnu: 1.29.1
      lightningcss-linux-x64-musl: 1.29.1
      lightningcss-win32-arm64-msvc: 1.29.1
      lightningcss-win32-x64-msvc: 1.29.1

  lines-and-columns@1.2.4: {}

  lodash-es@4.17.21: {}

  lucide-react@0.474.0(react@19.0.0):
    dependencies:
      react: 19.0.0

  nanoid@3.3.8: {}

  opfs-tools@0.6.2: {}

  opfs-tools@0.7.0: {}

  parent-module@1.0.1:
    dependencies:
      callsites: 3.1.0

  parse-json@5.2.0:
    dependencies:
      '@babel/code-frame': 7.26.2
      error-ex: 1.3.2
      json-parse-even-better-errors: 2.3.1
      lines-and-columns: 1.2.4

  picocolors@1.1.1: {}

  postcss-loader@8.1.1(@rspack/core@1.2.2(@swc/helpers@0.5.15))(postcss@8.5.1)(typescript@5.7.3):
    dependencies:
      cosmiconfig: 9.0.0(typescript@5.7.3)
      jiti: 1.21.7
      postcss: 8.5.1
      semver: 7.7.0
    optionalDependencies:
      '@rspack/core': 1.2.2(@swc/helpers@0.5.15)
    transitivePeerDependencies:
      - typescript

  postcss@8.5.1:
    dependencies:
      nanoid: 3.3.8
      picocolors: 1.1.1
      source-map-js: 1.2.1

  react-dom@19.0.0(react@19.0.0):
    dependencies:
      react: 19.0.0
      scheduler: 0.25.0

  react-refresh@0.16.0: {}

  react@19.0.0: {}

  resolve-from@4.0.0: {}

  scheduler@0.25.0: {}

  semver@7.7.0: {}

  source-map-js@1.2.1: {}

  stackframe@1.3.4: {}

  tailwindcss@4.0.1: {}

  tapable@2.2.1: {}

  tslib@2.8.1: {}

  typescript@5.7.3: {}

  wave-resampler@1.0.0: {}

  zustand@5.0.3(@types/react@19.0.8)(react@19.0.0):
    optionalDependencies:
      '@types/react': 19.0.8
      react: 19.0.0
